
Microsoft Visual Studio Solution File, Format Version 12.00
# Visual Studio Version 16
VisualStudioVersion = 16.0.30218.91
MinimumVisualStudioVersion = 10.0.40219.1
Project("{9A19103F-16F7-4668-BE54-9A1E7A4F7556}") = "Triangle", "Triangle\Triangle.csproj", "{9130C687-230C-4F3B-AD12-4AF750B65E52}"
EndProject
Project("{9A19103F-16F7-4668-BE54-9A1E7A4F7556}") = "Watch", "Watch\Watch.csproj", "{742979D4-CBB7-4FD3-A648-0F4E022CAC47}"
EndProject
Project("{9A19103F-16F7-4668-BE54-9A1E7A4F7556}") = "SymbolCircle", "SymbolCircle\SymbolCircle.csproj", "{185381A9-B5F6-42D6-AA56-09C81BB45E3F}"
EndProject
Project("{9A19103F-16F7-4668-BE54-9A1E7A4F7556}") = "PointInSquare", "PointInSquare\PointInSquare.csproj", "{10FF9519-C625-49B7-B6A9-AAEC73AECF0D}"
EndProject
Project("{9A19103F-16F7-4668-BE54-9A1E7A4F7556}") = "PointInCircle", "PointInCircle\PointInCircle.csproj", "{71BEAB1F-D102-4AFC-890E-6F96E5898E77}"
EndProject
Project("{9A19103F-16F7-4668-BE54-9A1E7A4F7556}") = "DigitConverter", "DigitConverter\DigitConverter.csproj", "{D3EE7CAD-0684-4EBD-8247-0F25770809CE}"
EndProject
Project("{9A19103F-16F7-4668-BE54-9A1E7A4F7556}") = "BarAndHole", "BarAndHole\BarAndHole.csproj", "{4F9FDF52-9C80-428D-A918-16F7025B3582}"
EndProject
Project("{9A19103F-16F7-4668-BE54-9A1E7A4F7556}") = "QuadraticEquation", "QuadraticEquation\QuadraticEquation.csproj", "{92A5CC52-1C14-404A-897B-9F3AD243FA38}"
EndProject
Project("{9A19103F-16F7-4668-BE54-9A1E7A4F7556}") = "McLarenRanks", "McLarenRanks\McLarenRanks.csproj", "{60E02FC4-04C8-459B-92AF-B307E0A834DA}"
EndProject
Project("{9A19103F-16F7-4668-BE54-9A1E7A4F7556}") = "TriforceDrawing", "TriforceDrawing\TriforceDrawing.csproj", "{D96142ED-3461-4AD3-BEB7-8A30E568BF81}"
EndProject
Project("{9A19103F-16F7-4668-BE54-9A1E7A4F7556}") = "LevenshteinDistance", "LevenshteinDistance\LevenshteinDistance.csproj", "{9B03B6BE-EDB6-4D78-BF54-CBCEA6A0747C}"
EndProject
Project("{9A19103F-16F7-4668-BE54-9A1E7A4F7556}") = "SquareOnPlane", "SquareOnPlane\SquareOnPlane.csproj", "{20CE0A20-7882-403E-9FC6-F03C3E61A8E9}"
EndProject
Project("{9A19103F-16F7-4668-BE54-9A1E7A4F7556}") = "LongestUnderstring", "LongestUnderstring\LongestUnderstring.csproj", "{9530FF5D-38EA-4D31-B002-9291F26987CB}"
EndProject
Project("{9A19103F-16F7-4668-BE54-9A1E7A4F7556}") = "SquareRoot", "SquareRoot\SquareRoot.csproj", "{3D6F6F21-0F29-4CE5-85F0-C7FA0E4B07F1}"
EndProject
Project("{9A19103F-16F7-4668-BE54-9A1E7A4F7556}") = "NaturalQuantity", "NaturalQuantity\NaturalQuantity.csproj", "{BBDA0690-F919-4B33-9BF7-B357CE9709C9}"
EndProject
Project("{9A19103F-16F7-4668-BE54-9A1E7A4F7556}") = "TicTakToe", "TicTakToe\TicTakToe.csproj", "{FB9E7656-C501-4AAE-9FFA-4B549ED60FEB}"
EndProject
Project("{9A19103F-16F7-4668-BE54-9A1E7A4F7556}") = "Capitalization", "Capitalization\Capitalization.csproj", "{7E2FB44B-7FF7-4B09-B0F9-F1760FB861A7}"
EndProject
Project("{9A19103F-16F7-4668-BE54-9A1E7A4F7556}") = "LetterToIndex", "LetterToIndex\LetterToIndex.csproj", "{C6E52409-A2D8-497F-910F-5C63C5F056C5}"
EndProject
Project("{9A19103F-16F7-4668-BE54-9A1E7A4F7556}") = "Transliteration", "Transliteration\Transliteration.csproj", "{8747C117-4656-4BC8-AAAD-48411D5A95CD}"
EndProject
Project("{9A19103F-16F7-4668-BE54-9A1E7A4F7556}") = "ArrayToTriangle", "ArrayToTriangle\ArrayToTriangle.csproj", "{499F70AB-FFD6-4CD9-9F87-90C39E51EA3F}"
EndProject
Project("{9A19103F-16F7-4668-BE54-9A1E7A4F7556}") = "SortArrayOfStrings", "SortArrayOfStrings\SortArrayOfStrings.csproj", "{82DEE8DB-905B-479D-9300-438E7B632073}"
EndProject
Project("{9A19103F-16F7-4668-BE54-9A1E7A4F7556}") = "CountEngWords", "CountEngWords\CountEngWords.csproj", "{1C3F67B5-3FA3-4E63-B93F-3872D4647FBE}"
EndProject
Project("{9A19103F-16F7-4668-BE54-9A1E7A4F7556}") = "ArithmeticProgression", "ArithmeticProgression\ArithmeticProgression.csproj", "{AE5831B6-3F77-422F-B409-DF78DD689D5E}"
EndProject
Project("{9A19103F-16F7-4668-BE54-9A1E7A4F7556}") = "GenerateReplaceFromNums", "GenerateReplaceFromNums\GenerateReplaceFromNums.csproj", "{6E7F18BD-8DCF-4E40-B601-8C90ACD38835}"
EndProject
Project("{9A19103F-16F7-4668-BE54-9A1E7A4F7556}") = "GenerateArrayOfLetters", "GenerateArrayOfLetters\GenerateArrayOfLetters.csproj", "{2C173735-11EE-43EC-A649-D418940DE0B1}"
EndProject
Project("{9A19103F-16F7-4668-BE54-9A1E7A4F7556}") = "Regex1TwoSym", "Regex1TwoSym\Regex1TwoSym.csproj", "{4A85BE24-23D8-415A-B930-97A79430654B}"
EndProject
Project("{9A19103F-16F7-4668-BE54-9A1E7A4F7556}") = "Regex2TwoZero", "Regex2TwoZero\Regex2TwoZero.csproj", "{DBFDC6F9-0B0A-4432-A6DD-F562E9A7B15A}"
EndProject
Project("{9A19103F-16F7-4668-BE54-9A1E7A4F7556}") = "Regex3TwoDifSym", "Regex3TwoDifSym\Regex3TwoDifSym.csproj", "{790C1062-85A8-4BEC-A483-379FC458608E}"
EndProject
Project("{9A19103F-16F7-4668-BE54-9A1E7A4F7556}") = "Regex4TwoSameSym", "Regex4TwoSameSym\Regex4TwoSameSym.csproj", "{B00888F9-F080-4512-AA40-E479B9851FDA}"
EndProject
Project("{9A19103F-16F7-4668-BE54-9A1E7A4F7556}") = "RegexForDateTime", "RegexForDateTime\RegexForDateTime.csproj", "{69BB8B2C-A9A9-4ABF-8D6D-0C402CEE20E0}"
EndProject
Project("{FAE04EC0-301F-11D3-BF4B-00C04F79EFBC}") = "FightingGame", "FightingGame\FightingGame.csproj", "{20E83DC6-565F-4046-AD86-F935C2E8BDCB}"
EndProject
Global
	GlobalSection(SolutionConfigurationPlatforms) = preSolution
		Debug|Any CPU = Debug|Any CPU
		Release|Any CPU = Release|Any CPU
	EndGlobalSection
	GlobalSection(ProjectConfigurationPlatforms) = postSolution
		{9130C687-230C-4F3B-AD12-4AF750B65E52}.Debug|Any CPU.ActiveCfg = Debug|Any CPU
		{9130C687-230C-4F3B-AD12-4AF750B65E52}.Debug|Any CPU.Build.0 = Debug|Any CPU
		{9130C687-230C-4F3B-AD12-4AF750B65E52}.Release|Any CPU.ActiveCfg = Release|Any CPU
		{9130C687-230C-4F3B-AD12-4AF750B65E52}.Release|Any CPU.Build.0 = Release|Any CPU
		{742979D4-CBB7-4FD3-A648-0F4E022CAC47}.Debug|Any CPU.ActiveCfg = Debug|Any CPU
		{742979D4-CBB7-4FD3-A648-0F4E022CAC47}.Debug|Any CPU.Build.0 = Debug|Any CPU
		{742979D4-CBB7-4FD3-A648-0F4E022CAC47}.Release|Any CPU.ActiveCfg = Release|Any CPU
		{742979D4-CBB7-4FD3-A648-0F4E022CAC47}.Release|Any CPU.Build.0 = Release|Any CPU
		{185381A9-B5F6-42D6-AA56-09C81BB45E3F}.Debug|Any CPU.ActiveCfg = Debug|Any CPU
		{185381A9-B5F6-42D6-AA56-09C81BB45E3F}.Debug|Any CPU.Build.0 = Debug|Any CPU
		{185381A9-B5F6-42D6-AA56-09C81BB45E3F}.Release|Any CPU.ActiveCfg = Release|Any CPU
		{185381A9-B5F6-42D6-AA56-09C81BB45E3F}.Release|Any CPU.Build.0 = Release|Any CPU
		{10FF9519-C625-49B7-B6A9-AAEC73AECF0D}.Debug|Any CPU.ActiveCfg = Debug|Any CPU
		{10FF9519-C625-49B7-B6A9-AAEC73AECF0D}.Debug|Any CPU.Build.0 = Debug|Any CPU
		{10FF9519-C625-49B7-B6A9-AAEC73AECF0D}.Release|Any CPU.ActiveCfg = Release|Any CPU
		{10FF9519-C625-49B7-B6A9-AAEC73AECF0D}.Release|Any CPU.Build.0 = Release|Any CPU
		{71BEAB1F-D102-4AFC-890E-6F96E5898E77}.Debug|Any CPU.ActiveCfg = Debug|Any CPU
		{71BEAB1F-D102-4AFC-890E-6F96E5898E77}.Debug|Any CPU.Build.0 = Debug|Any CPU
		{71BEAB1F-D102-4AFC-890E-6F96E5898E77}.Release|Any CPU.ActiveCfg = Release|Any CPU
		{71BEAB1F-D102-4AFC-890E-6F96E5898E77}.Release|Any CPU.Build.0 = Release|Any CPU
		{D3EE7CAD-0684-4EBD-8247-0F25770809CE}.Debug|Any CPU.ActiveCfg = Debug|Any CPU
		{D3EE7CAD-0684-4EBD-8247-0F25770809CE}.Debug|Any CPU.Build.0 = Debug|Any CPU
		{D3EE7CAD-0684-4EBD-8247-0F25770809CE}.Release|Any CPU.ActiveCfg = Release|Any CPU
		{D3EE7CAD-0684-4EBD-8247-0F25770809CE}.Release|Any CPU.Build.0 = Release|Any CPU
		{4F9FDF52-9C80-428D-A918-16F7025B3582}.Debug|Any CPU.ActiveCfg = Debug|Any CPU
		{4F9FDF52-9C80-428D-A918-16F7025B3582}.Debug|Any CPU.Build.0 = Debug|Any CPU
		{4F9FDF52-9C80-428D-A918-16F7025B3582}.Release|Any CPU.ActiveCfg = Release|Any CPU
		{4F9FDF52-9C80-428D-A918-16F7025B3582}.Release|Any CPU.Build.0 = Release|Any CPU
		{92A5CC52-1C14-404A-897B-9F3AD243FA38}.Debug|Any CPU.ActiveCfg = Debug|Any CPU
		{92A5CC52-1C14-404A-897B-9F3AD243FA38}.Debug|Any CPU.Build.0 = Debug|Any CPU
		{92A5CC52-1C14-404A-897B-9F3AD243FA38}.Release|Any CPU.ActiveCfg = Release|Any CPU
		{92A5CC52-1C14-404A-897B-9F3AD243FA38}.Release|Any CPU.Build.0 = Release|Any CPU
		{60E02FC4-04C8-459B-92AF-B307E0A834DA}.Debug|Any CPU.ActiveCfg = Debug|Any CPU
		{60E02FC4-04C8-459B-92AF-B307E0A834DA}.Debug|Any CPU.Build.0 = Debug|Any CPU
		{60E02FC4-04C8-459B-92AF-B307E0A834DA}.Release|Any CPU.ActiveCfg = Release|Any CPU
		{60E02FC4-04C8-459B-92AF-B307E0A834DA}.Release|Any CPU.Build.0 = Release|Any CPU
		{D96142ED-3461-4AD3-BEB7-8A30E568BF81}.Debug|Any CPU.ActiveCfg = Debug|Any CPU
		{D96142ED-3461-4AD3-BEB7-8A30E568BF81}.Debug|Any CPU.Build.0 = Debug|Any CPU
		{D96142ED-3461-4AD3-BEB7-8A30E568BF81}.Release|Any CPU.ActiveCfg = Release|Any CPU
		{D96142ED-3461-4AD3-BEB7-8A30E568BF81}.Release|Any CPU.Build.0 = Release|Any CPU
		{9B03B6BE-EDB6-4D78-BF54-CBCEA6A0747C}.Debug|Any CPU.ActiveCfg = Debug|Any CPU
		{9B03B6BE-EDB6-4D78-BF54-CBCEA6A0747C}.Debug|Any CPU.Build.0 = Debug|Any CPU
		{9B03B6BE-EDB6-4D78-BF54-CBCEA6A0747C}.Release|Any CPU.ActiveCfg = Release|Any CPU
		{9B03B6BE-EDB6-4D78-BF54-CBCEA6A0747C}.Release|Any CPU.Build.0 = Release|Any CPU
		{20CE0A20-7882-403E-9FC6-F03C3E61A8E9}.Debug|Any CPU.ActiveCfg = Debug|Any CPU
		{20CE0A20-7882-403E-9FC6-F03C3E61A8E9}.Debug|Any CPU.Build.0 = Debug|Any CPU
		{20CE0A20-7882-403E-9FC6-F03C3E61A8E9}.Release|Any CPU.ActiveCfg = Release|Any CPU
		{20CE0A20-7882-403E-9FC6-F03C3E61A8E9}.Release|Any CPU.Build.0 = Release|Any CPU
		{9530FF5D-38EA-4D31-B002-9291F26987CB}.Debug|Any CPU.ActiveCfg = Debug|Any CPU
		{9530FF5D-38EA-4D31-B002-9291F26987CB}.Debug|Any CPU.Build.0 = Debug|Any CPU
		{9530FF5D-38EA-4D31-B002-9291F26987CB}.Release|Any CPU.ActiveCfg = Release|Any CPU
		{9530FF5D-38EA-4D31-B002-9291F26987CB}.Release|Any CPU.Build.0 = Release|Any CPU
		{3D6F6F21-0F29-4CE5-85F0-C7FA0E4B07F1}.Debug|Any CPU.ActiveCfg = Debug|Any CPU
		{3D6F6F21-0F29-4CE5-85F0-C7FA0E4B07F1}.Debug|Any CPU.Build.0 = Debug|Any CPU
		{3D6F6F21-0F29-4CE5-85F0-C7FA0E4B07F1}.Release|Any CPU.ActiveCfg = Release|Any CPU
		{3D6F6F21-0F29-4CE5-85F0-C7FA0E4B07F1}.Release|Any CPU.Build.0 = Release|Any CPU
		{BBDA0690-F919-4B33-9BF7-B357CE9709C9}.Debug|Any CPU.ActiveCfg = Debug|Any CPU
		{BBDA0690-F919-4B33-9BF7-B357CE9709C9}.Debug|Any CPU.Build.0 = Debug|Any CPU
		{BBDA0690-F919-4B33-9BF7-B357CE9709C9}.Release|Any CPU.ActiveCfg = Release|Any CPU
		{BBDA0690-F919-4B33-9BF7-B357CE9709C9}.Release|Any CPU.Build.0 = Release|Any CPU
		{FB9E7656-C501-4AAE-9FFA-4B549ED60FEB}.Debug|Any CPU.ActiveCfg = Debug|Any CPU
		{FB9E7656-C501-4AAE-9FFA-4B549ED60FEB}.Debug|Any CPU.Build.0 = Debug|Any CPU
		{FB9E7656-C501-4AAE-9FFA-4B549ED60FEB}.Release|Any CPU.ActiveCfg = Release|Any CPU
		{FB9E7656-C501-4AAE-9FFA-4B549ED60FEB}.Release|Any CPU.Build.0 = Release|Any CPU
		{7E2FB44B-7FF7-4B09-B0F9-F1760FB861A7}.Debug|Any CPU.ActiveCfg = Debug|Any CPU
		{7E2FB44B-7FF7-4B09-B0F9-F1760FB861A7}.Debug|Any CPU.Build.0 = Debug|Any CPU
		{7E2FB44B-7FF7-4B09-B0F9-F1760FB861A7}.Release|Any CPU.ActiveCfg = Release|Any CPU
		{7E2FB44B-7FF7-4B09-B0F9-F1760FB861A7}.Release|Any CPU.Build.0 = Release|Any CPU
		{C6E52409-A2D8-497F-910F-5C63C5F056C5}.Debug|Any CPU.ActiveCfg = Debug|Any CPU
		{C6E52409-A2D8-497F-910F-5C63C5F056C5}.Debug|Any CPU.Build.0 = Debug|Any CPU
		{C6E52409-A2D8-497F-910F-5C63C5F056C5}.Release|Any CPU.ActiveCfg = Release|Any CPU
		{C6E52409-A2D8-497F-910F-5C63C5F056C5}.Release|Any CPU.Build.0 = Release|Any CPU
		{8747C117-4656-4BC8-AAAD-48411D5A95CD}.Debug|Any CPU.ActiveCfg = Debug|Any CPU
		{8747C117-4656-4BC8-AAAD-48411D5A95CD}.Debug|Any CPU.Build.0 = Debug|Any CPU
		{8747C117-4656-4BC8-AAAD-48411D5A95CD}.Release|Any CPU.ActiveCfg = Release|Any CPU
		{8747C117-4656-4BC8-AAAD-48411D5A95CD}.Release|Any CPU.Build.0 = Release|Any CPU
		{499F70AB-FFD6-4CD9-9F87-90C39E51EA3F}.Debug|Any CPU.ActiveCfg = Debug|Any CPU
		{499F70AB-FFD6-4CD9-9F87-90C39E51EA3F}.Debug|Any CPU.Build.0 = Debug|Any CPU
		{499F70AB-FFD6-4CD9-9F87-90C39E51EA3F}.Release|Any CPU.ActiveCfg = Release|Any CPU
		{499F70AB-FFD6-4CD9-9F87-90C39E51EA3F}.Release|Any CPU.Build.0 = Release|Any CPU
		{82DEE8DB-905B-479D-9300-438E7B632073}.Debug|Any CPU.ActiveCfg = Debug|Any CPU
		{82DEE8DB-905B-479D-9300-438E7B632073}.Debug|Any CPU.Build.0 = Debug|Any CPU
		{82DEE8DB-905B-479D-9300-438E7B632073}.Release|Any CPU.ActiveCfg = Release|Any CPU
		{82DEE8DB-905B-479D-9300-438E7B632073}.Release|Any CPU.Build.0 = Release|Any CPU
		{1C3F67B5-3FA3-4E63-B93F-3872D4647FBE}.Debug|Any CPU.ActiveCfg = Debug|Any CPU
		{1C3F67B5-3FA3-4E63-B93F-3872D4647FBE}.Debug|Any CPU.Build.0 = Debug|Any CPU
		{1C3F67B5-3FA3-4E63-B93F-3872D4647FBE}.Release|Any CPU.ActiveCfg = Release|Any CPU
		{1C3F67B5-3FA3-4E63-B93F-3872D4647FBE}.Release|Any CPU.Build.0 = Release|Any CPU
		{AE5831B6-3F77-422F-B409-DF78DD689D5E}.Debug|Any CPU.ActiveCfg = Debug|Any CPU
		{AE5831B6-3F77-422F-B409-DF78DD689D5E}.Debug|Any CPU.Build.0 = Debug|Any CPU
		{AE5831B6-3F77-422F-B409-DF78DD689D5E}.Release|Any CPU.ActiveCfg = Release|Any CPU
		{AE5831B6-3F77-422F-B409-DF78DD689D5E}.Release|Any CPU.Build.0 = Release|Any CPU
		{6E7F18BD-8DCF-4E40-B601-8C90ACD38835}.Debug|Any CPU.ActiveCfg = Debug|Any CPU
		{6E7F18BD-8DCF-4E40-B601-8C90ACD38835}.Debug|Any CPU.Build.0 = Debug|Any CPU
		{6E7F18BD-8DCF-4E40-B601-8C90ACD38835}.Release|Any CPU.ActiveCfg = Release|Any CPU
		{6E7F18BD-8DCF-4E40-B601-8C90ACD38835}.Release|Any CPU.Build.0 = Release|Any CPU
		{2C173735-11EE-43EC-A649-D418940DE0B1}.Debug|Any CPU.ActiveCfg = Debug|Any CPU
		{2C173735-11EE-43EC-A649-D418940DE0B1}.Debug|Any CPU.Build.0 = Debug|Any CPU
		{2C173735-11EE-43EC-A649-D418940DE0B1}.Release|Any CPU.ActiveCfg = Release|Any CPU
		{2C173735-11EE-43EC-A649-D418940DE0B1}.Release|Any CPU.Build.0 = Release|Any CPU
		{4A85BE24-23D8-415A-B930-97A79430654B}.Debug|Any CPU.ActiveCfg = Debug|Any CPU
		{4A85BE24-23D8-415A-B930-97A79430654B}.Debug|Any CPU.Build.0 = Debug|Any CPU
		{4A85BE24-23D8-415A-B930-97A79430654B}.Release|Any CPU.ActiveCfg = Release|Any CPU
		{4A85BE24-23D8-415A-B930-97A79430654B}.Release|Any CPU.Build.0 = Release|Any CPU
		{DBFDC6F9-0B0A-4432-A6DD-F562E9A7B15A}.Debug|Any CPU.ActiveCfg = Debug|Any CPU
		{DBFDC6F9-0B0A-4432-A6DD-F562E9A7B15A}.Debug|Any CPU.Build.0 = Debug|Any CPU
		{DBFDC6F9-0B0A-4432-A6DD-F562E9A7B15A}.Release|Any CPU.ActiveCfg = Release|Any CPU
		{DBFDC6F9-0B0A-4432-A6DD-F562E9A7B15A}.Release|Any CPU.Build.0 = Release|Any CPU
		{790C1062-85A8-4BEC-A483-379FC458608E}.Debug|Any CPU.ActiveCfg = Debug|Any CPU
		{790C1062-85A8-4BEC-A483-379FC458608E}.Debug|Any CPU.Build.0 = Debug|Any CPU
		{790C1062-85A8-4BEC-A483-379FC458608E}.Release|Any CPU.ActiveCfg = Release|Any CPU
		{790C1062-85A8-4BEC-A483-379FC458608E}.Release|Any CPU.Build.0 = Release|Any CPU
		{B00888F9-F080-4512-AA40-E479B9851FDA}.Debug|Any CPU.ActiveCfg = Debug|Any CPU
		{B00888F9-F080-4512-AA40-E479B9851FDA}.Debug|Any CPU.Build.0 = Debug|Any CPU
		{B00888F9-F080-4512-AA40-E479B9851FDA}.Release|Any CPU.ActiveCfg = Release|Any CPU
		{B00888F9-F080-4512-AA40-E479B9851FDA}.Release|Any CPU.Build.0 = Release|Any CPU
		{69BB8B2C-A9A9-4ABF-8D6D-0C402CEE20E0}.Debug|Any CPU.ActiveCfg = Debug|Any CPU
		{69BB8B2C-A9A9-4ABF-8D6D-0C402CEE20E0}.Debug|Any CPU.Build.0 = Debug|Any CPU
		{69BB8B2C-A9A9-4ABF-8D6D-0C402CEE20E0}.Release|Any CPU.ActiveCfg = Release|Any CPU
		{69BB8B2C-A9A9-4ABF-8D6D-0C402CEE20E0}.Release|Any CPU.Build.0 = Release|Any CPU
		{20E83DC6-565F-4046-AD86-F935C2E8BDCB}.Debug|Any CPU.ActiveCfg = Debug|Any CPU
		{20E83DC6-565F-4046-AD86-F935C2E8BDCB}.Debug|Any CPU.Build.0 = Debug|Any CPU
		{20E83DC6-565F-4046-AD86-F935C2E8BDCB}.Release|Any CPU.ActiveCfg = Release|Any CPU
		{20E83DC6-565F-4046-AD86-F935C2E8BDCB}.Release|Any CPU.Build.0 = Release|Any CPU
	EndGlobalSection
	GlobalSection(SolutionProperties) = preSolution
		HideSolutionNode = FALSE
	EndGlobalSection
	GlobalSection(ExtensibilityGlobals) = postSolution
		SolutionGuid = {457BF380-7639-46B3-B117-DE93D1DC18CD}
	EndGlobalSection
EndGlobal
